PODS:
  - Alamofire (4.3.0)
  - SwiftyJSON (3.1.4)
  - VPAppManager (0.1.0):
    - Alamofire (~> 4.3)
    - SwiftyJSON

DEPENDENCIES:
  - VPAppManager (from `../`)

EXTERNAL SOURCES:
  VPAppManager:
    :path: "../"

SPEC CHECKSUMS:
  Alamofire: 856a113053a7bc9cbe5d6367a555d773fc5cfef7
  SwiftyJSON: c2842d878f95482ffceec5709abc3d05680c0220
  VPAppManager: 6eed29cd1b59b3ab2a662466b0cf6c982c9fe125

PODFILE CHECKSUM: 58fe83082b5162bea0985fadce523250c3d28825

COCOAPODS: 1.2.0
